
Microsoft Visual Studio Solution File, Format Version 12.00
# Visual Studio 2013
VisualStudioVersion = 12.0.21005.1
MinimumVisualStudioVersion = 10.0.40219.1
Project("{FAE04EC0-301F-11D3-BF4B-00C04F79EFBC}") = "Shapes", "Shapes\Shapes.csproj", "{BC3F4FB8-E938-4A3C-A53A-819BC8884C77}"
EndProject
Project("{FAE04EC0-301F-11D3-BF4B-00C04F79EFBC}") = "RangeExceptions", "RangeExceptions\RangeExceptions.csproj", "{0C63F7C2-73B0-4BF7-8EBD-1DFCF444ABBD}"
EndProject
Project("{FAE04EC0-301F-11D3-BF4B-00C04F79EFBC}") = "BankAccounts", "BankAccounts\BankAccounts.csproj", "{988D3950-B381-4031-8454-BECF5A4E4EB5}"
EndProject
Global
	GlobalSection(SolutionConfigurationPlatforms) = preSolution
		Debug|Any CPU = Debug|Any CPU
		Release|Any CPU = Release|Any CPU
	EndGlobalSection
	GlobalSection(ProjectConfigurationPlatforms) = postSolution
		{BC3F4FB8-E938-4A3C-A53A-819BC8884C77}.Debug|Any CPU.ActiveCfg = Debug|Any CPU
		{BC3F4FB8-E938-4A3C-A53A-819BC8884C77}.Debug|Any CPU.Build.0 = Debug|Any CPU
		{BC3F4FB8-E938-4A3C-A53A-819BC8884C77}.Release|Any CPU.ActiveCfg = Release|Any CPU
		{BC3F4FB8-E938-4A3C-A53A-819BC8884C77}.Release|Any CPU.Build.0 = Release|Any CPU
		{0C63F7C2-73B0-4BF7-8EBD-1DFCF444ABBD}.Debug|Any CPU.ActiveCfg = Debug|Any CPU
		{0C63F7C2-73B0-4BF7-8EBD-1DFCF444ABBD}.Debug|Any CPU.Build.0 = Debug|Any CPU
		{0C63F7C2-73B0-4BF7-8EBD-1DFCF444ABBD}.Release|Any CPU.ActiveCfg = Release|Any CPU
		{0C63F7C2-73B0-4BF7-8EBD-1DFCF444ABBD}.Release|Any CPU.Build.0 = Release|Any CPU
		{988D3950-B381-4031-8454-BECF5A4E4EB5}.Debug|Any CPU.ActiveCfg = Debug|Any CPU
		{988D3950-B381-4031-8454-BECF5A4E4EB5}.Debug|Any CPU.Build.0 = Debug|Any CPU
		{988D3950-B381-4031-8454-BECF5A4E4EB5}.Release|Any CPU.ActiveCfg = Release|Any CPU
		{988D3950-B381-4031-8454-BECF5A4E4EB5}.Release|Any CPU.Build.0 = Release|Any CPU
	EndGlobalSection
	GlobalSection(SolutionProperties) = preSolution
		HideSolutionNode = FALSE
	EndGlobalSection
EndGlobal
