
Microsoft Visual Studio Solution File, Format Version 12.00
# Visual Studio 2013
VisualStudioVersion = 12.0.21005.1
MinimumVisualStudioVersion = 10.0.40219.1
Project("{FAE04EC0-301F-11D3-BF4B-00C04F79EFBC}") = "StudentClass", "StudentClass\StudentClass.csproj", "{8E17F653-ED75-4353-BC46-83885886D0F0}"
EndProject
Project("{FAE04EC0-301F-11D3-BF4B-00C04F79EFBC}") = "PersonClass", "PersonClass\PersonClass.csproj", "{EE6835F8-B59E-4446-9632-A160B8E88103}"
EndProject
Project("{FAE04EC0-301F-11D3-BF4B-00C04F79EFBC}") = "64Bitarray", "64Bitarray\64Bitarray.csproj", "{2D4A9090-AF59-4193-971B-C7EC6EE5D200}"
EndProject
Global
	GlobalSection(SolutionConfigurationPlatforms) = preSolution
		Debug|Any CPU = Debug|Any CPU
		Release|Any CPU = Release|Any CPU
	EndGlobalSection
	GlobalSection(ProjectConfigurationPlatforms) = postSolution
		{8E17F653-ED75-4353-BC46-83885886D0F0}.Debug|Any CPU.ActiveCfg = Debug|Any CPU
		{8E17F653-ED75-4353-BC46-83885886D0F0}.Debug|Any CPU.Build.0 = Debug|Any CPU
		{8E17F653-ED75-4353-BC46-83885886D0F0}.Release|Any CPU.ActiveCfg = Release|Any CPU
		{8E17F653-ED75-4353-BC46-83885886D0F0}.Release|Any CPU.Build.0 = Release|Any CPU
		{EE6835F8-B59E-4446-9632-A160B8E88103}.Debug|Any CPU.ActiveCfg = Debug|Any CPU
		{EE6835F8-B59E-4446-9632-A160B8E88103}.Debug|Any CPU.Build.0 = Debug|Any CPU
		{EE6835F8-B59E-4446-9632-A160B8E88103}.Release|Any CPU.ActiveCfg = Release|Any CPU
		{EE6835F8-B59E-4446-9632-A160B8E88103}.Release|Any CPU.Build.0 = Release|Any CPU
		{2D4A9090-AF59-4193-971B-C7EC6EE5D200}.Debug|Any CPU.ActiveCfg = Debug|Any CPU
		{2D4A9090-AF59-4193-971B-C7EC6EE5D200}.Debug|Any CPU.Build.0 = Debug|Any CPU
		{2D4A9090-AF59-4193-971B-C7EC6EE5D200}.Release|Any CPU.ActiveCfg = Release|Any CPU
		{2D4A9090-AF59-4193-971B-C7EC6EE5D200}.Release|Any CPU.Build.0 = Release|Any CPU
	EndGlobalSection
	GlobalSection(SolutionProperties) = preSolution
		HideSolutionNode = FALSE
	EndGlobalSection
EndGlobal
