
Microsoft Visual Studio Solution File, Format Version 12.00
# Visual Studio 2013
VisualStudioVersion = 12.0.21005.1
MinimumVisualStudioVersion = 10.0.40219.1
Project("{FAE04EC0-301F-11D3-BF4B-00C04F79EFBC}") = "01.StringBuilder.Substring", "StringBuilder.Substring\01.StringBuilder.Substring.csproj", "{E86AE137-2069-4ED2-8516-E75CB5126FC1}"
EndProject
Project("{FAE04EC0-301F-11D3-BF4B-00C04F79EFBC}") = "02.IEnumerableExtensions", "IEnumerableExtensions\02.IEnumerableExtensions.csproj", "{D8D74B10-06E3-4321-80B0-DB40F709DF5B}"
EndProject
Project("{FAE04EC0-301F-11D3-BF4B-00C04F79EFBC}") = "Students", "Students\Students.csproj", "{52E363EC-6E16-4BD9-ADAD-B3248B0E3647}"
EndProject
Project("{FAE04EC0-301F-11D3-BF4B-00C04F79EFBC}") = "06.DivisiblebySevenandTree", "DivisiblebySevenandTree\06.DivisiblebySevenandTree.csproj", "{224EF82F-E551-4634-B830-B13AAFCCB2C3}"
EndProject
Project("{FAE04EC0-301F-11D3-BF4B-00C04F79EFBC}") = "07.ProblemTimer", "ProblemTimer\07.ProblemTimer.csproj", "{542E52C2-74E9-458F-A025-7FC1E12BDFCB}"
EndProject
Project("{FAE04EC0-301F-11D3-BF4B-00C04F79EFBC}") = "17.LongestString", "LongestString\17.LongestString.csproj", "{53DEC80B-BFDA-463F-9754-323F218179F5}"
EndProject
Global
	GlobalSection(SolutionConfigurationPlatforms) = preSolution
		Debug|Any CPU = Debug|Any CPU
		Release|Any CPU = Release|Any CPU
	EndGlobalSection
	GlobalSection(ProjectConfigurationPlatforms) = postSolution
		{E86AE137-2069-4ED2-8516-E75CB5126FC1}.Debug|Any CPU.ActiveCfg = Debug|Any CPU
		{E86AE137-2069-4ED2-8516-E75CB5126FC1}.Debug|Any CPU.Build.0 = Debug|Any CPU
		{E86AE137-2069-4ED2-8516-E75CB5126FC1}.Release|Any CPU.ActiveCfg = Release|Any CPU
		{E86AE137-2069-4ED2-8516-E75CB5126FC1}.Release|Any CPU.Build.0 = Release|Any CPU
		{D8D74B10-06E3-4321-80B0-DB40F709DF5B}.Debug|Any CPU.ActiveCfg = Debug|Any CPU
		{D8D74B10-06E3-4321-80B0-DB40F709DF5B}.Debug|Any CPU.Build.0 = Debug|Any CPU
		{D8D74B10-06E3-4321-80B0-DB40F709DF5B}.Release|Any CPU.ActiveCfg = Release|Any CPU
		{D8D74B10-06E3-4321-80B0-DB40F709DF5B}.Release|Any CPU.Build.0 = Release|Any CPU
		{52E363EC-6E16-4BD9-ADAD-B3248B0E3647}.Debug|Any CPU.ActiveCfg = Debug|Any CPU
		{52E363EC-6E16-4BD9-ADAD-B3248B0E3647}.Debug|Any CPU.Build.0 = Debug|Any CPU
		{52E363EC-6E16-4BD9-ADAD-B3248B0E3647}.Release|Any CPU.ActiveCfg = Release|Any CPU
		{52E363EC-6E16-4BD9-ADAD-B3248B0E3647}.Release|Any CPU.Build.0 = Release|Any CPU
		{224EF82F-E551-4634-B830-B13AAFCCB2C3}.Debug|Any CPU.ActiveCfg = Debug|Any CPU
		{224EF82F-E551-4634-B830-B13AAFCCB2C3}.Debug|Any CPU.Build.0 = Debug|Any CPU
		{224EF82F-E551-4634-B830-B13AAFCCB2C3}.Release|Any CPU.ActiveCfg = Release|Any CPU
		{224EF82F-E551-4634-B830-B13AAFCCB2C3}.Release|Any CPU.Build.0 = Release|Any CPU
		{542E52C2-74E9-458F-A025-7FC1E12BDFCB}.Debug|Any CPU.ActiveCfg = Debug|Any CPU
		{542E52C2-74E9-458F-A025-7FC1E12BDFCB}.Debug|Any CPU.Build.0 = Debug|Any CPU
		{542E52C2-74E9-458F-A025-7FC1E12BDFCB}.Release|Any CPU.ActiveCfg = Release|Any CPU
		{542E52C2-74E9-458F-A025-7FC1E12BDFCB}.Release|Any CPU.Build.0 = Release|Any CPU
		{53DEC80B-BFDA-463F-9754-323F218179F5}.Debug|Any CPU.ActiveCfg = Debug|Any CPU
		{53DEC80B-BFDA-463F-9754-323F218179F5}.Debug|Any CPU.Build.0 = Debug|Any CPU
		{53DEC80B-BFDA-463F-9754-323F218179F5}.Release|Any CPU.ActiveCfg = Release|Any CPU
		{53DEC80B-BFDA-463F-9754-323F218179F5}.Release|Any CPU.Build.0 = Release|Any CPU
	EndGlobalSection
	GlobalSection(SolutionProperties) = preSolution
		HideSolutionNode = FALSE
	EndGlobalSection
EndGlobal
